
Microsoft Visual Studio Solution File, Format Version 12.00
# Visual Studio Version 17
VisualStudioVersion = 17.5.002.0
MinimumVisualStudioVersion = 10.0.40219.1
Project("{9A19103F-16F7-4668-BE54-9A1E7A4F7556}") = "LibraryManagementSystem", "LibraryManagementSystem.csproj", "{1BF2EFE5-B595-498C-B284-0049A2D5511F}"
EndProject
Project("{2150E333-8FDC-42A3-9474-1A3956D46DE8}") = "Solution Items", "Solution Items", "{3E367D36-93B0-4715-9E86-F111DB834D13}"
EndProject
Global
	GlobalSection(SolutionConfigurationPlatforms) = preSolution
		Debug|Any CPU = Debug|Any CPU
		Release|Any CPU = Release|Any CPU
	EndGlobalSection
	GlobalSection(ProjectConfigurationPlatforms) = postSolution
		{1BF2EFE5-B595-498C-B284-0049A2D5511F}.Debug|Any CPU.ActiveCfg = Debug|Any CPU
		{1BF2EFE5-B595-498C-B284-0049A2D5511F}.Debug|Any CPU.Build.0 = Debug|Any CPU
		{1BF2EFE5-B595-498C-B284-0049A2D5511F}.Release|Any CPU.ActiveCfg = Release|Any CPU
		{1BF2EFE5-B595-498C-B284-0049A2D5511F}.Release|Any CPU.Build.0 = Release|Any CPU
	EndGlobalSection
	GlobalSection(SolutionProperties) = preSolution
		HideSolutionNode = FALSE
	EndGlobalSection
	GlobalSection(ExtensibilityGlobals) = postSolution
		SolutionGuid = {959DC394-1FFF-4C81-AFFD-F2F0517A6C70}
	EndGlobalSection
EndGlobal
